schema: '2.0'
stages:
  data:
    cmd: python src/get_data.py
    deps:
    - path: src/get_data.py
      md5: 24ec3bd35f6a4baee03888098c2cf85c
      size: 1446
    outs:
    - path: data/creditcard.csv
      md5: 5cb7255e48f259cd984bf640f200cf91
      size: 152984945
  Preprocessing:
    cmd: python src/preprocessing_data.py
    deps:
    - path: data/creditcard.csv
      md5: 5cb7255e48f259cd984bf640f200cf91
      size: 152984945
    - path: src/preprocessing_data.py
      md5: 624d39213388265686542e2b645e5081
      size: 1265
    outs:
    - path: data/data_preprocessed.csv
      md5: b7dc68c8e92a8c223c21cf8d1b44a65d
      size: 162189844
  Train:
    cmd: python src/train.py
    deps:
    - path: data/data_preprocessed.csv
      md5: b7dc68c8e92a8c223c21cf8d1b44a65d
      size: 162189844
    - path: src/train.py
      md5: 5b080835909bce9a6d6663d7c4bacd04
      size: 2782
    outs:
    - path: metrics.json
      md5: 14ec2d690efa27f834dc60c8171f896a
      size: 70
    - path: model.pkl
      md5: 7d85aeb02dae798ec14b00c5e5adac2c
      size: 2087834
